
Microsoft Visual Studio Solution File, Format Version 12.00
# Visual Studio Version 17
VisualStudioVersion = 17.9.34616.47
MinimumVisualStudioVersion = 10.0.40219.1
Project("{FAE04EC0-301F-11D3-BF4B-00C04F79EFBC}") = "Driver's License Exam(chap7 prob 4)", "Driver's License Exam(chap7 prob 4).csproj", "{980E50D3-2939-4AD3-9089-F516B52397E8}"
EndProject
Global
	GlobalSection(SolutionConfigurationPlatforms) = preSolution
		Debug|Any CPU = Debug|Any CPU
		Release|Any CPU = Release|Any CPU
	EndGlobalSection
	GlobalSection(ProjectConfigurationPlatforms) = postSolution
		{980E50D3-2939-4AD3-9089-F516B52397E8}.Debug|Any CPU.ActiveCfg = Debug|Any CPU
		{980E50D3-2939-4AD3-9089-F516B52397E8}.Debug|Any CPU.Build.0 = Debug|Any CPU
		{980E50D3-2939-4AD3-9089-F516B52397E8}.Release|Any CPU.ActiveCfg = Release|Any CPU
		{980E50D3-2939-4AD3-9089-F516B52397E8}.Release|Any CPU.Build.0 = Release|Any CPU
	EndGlobalSection
	GlobalSection(SolutionProperties) = preSolution
		HideSolutionNode = FALSE
	EndGlobalSection
	GlobalSection(ExtensibilityGlobals) = postSolution
		SolutionGuid = {F77CE6A4-0B12-4305-85A9-F5374D632D67}
	EndGlobalSection
EndGlobal
